PODS:
  - Flutter (1.0.0)
  - flutter_form (0.0.1):
    - Flutter

DEPENDENCIES:
  - Flutter (from `Flutter`)
  - flutter_form (from `.symlinks/plugins/flutter_form/ios`)

EXTERNAL SOURCES:
  Flutter:
    :path: Flutter
  flutter_form:
    :path: ".symlinks/plugins/flutter_form/ios"

SPEC CHECKSUMS:
  Flutter: 0e3d915762c693b495b44d77113d4970485de6ec
  flutter_form: 4498a3669597a1a374d38335e3798bd513a7f275

PODFILE CHECKSUM: 1b66dae606f75376c5f2135a8290850eeb09ae83

COCOAPODS: 1.8.4
